// !$*UTF8*$!
{
	archiveVersion = 1;
	classes = {
	};
	objectVersion = 50;
	objects = {

/* Begin PBXBuildFile section */
		2390B7BC21B786960019825B /* AppDelegate.swift in Sources */ = {isa = PBXBuildFile; fileRef = 2390B7BB21B786960019825B /* AppDelegate.swift */; };
		2390B7BE21B786960019825B /* ViewController.swift in Sources */ = {isa = PBXBuildFile; fileRef = 2390B7BD21B786960019825B /* ViewController.swift */; };
		2390B7C121B786960019825B /* Main.storyboard in Resources */ = {isa = PBXBuildFile; fileRef = 2390B7BF21B786960019825B /* Main.storyboard */; };
		2390B7C321B786970019825B /* Assets.xcassets in Resources */ = {isa = PBXBuildFile; fileRef = 2390B7C221B786970019825B /* Assets.xcassets */; };
		2390B7C621B786970019825B /* LaunchScreen.storyboard in Resources */ = {isa = PBXBuildFile; fileRef = 2390B7C421B786970019825B /* LaunchScreen.storyboard */; };
		2390B7D121B786970019825B /* AlgorithmTests.swift in Sources */ = {isa = PBXBuildFile; fileRef = 2390B7D021B786970019825B /* AlgorithmTests.swift */; };
		2390B7DC21B786970019825B /* AlgorithmUITests.swift in Sources */ = {isa = PBXBuildFile; fileRef = 2390B7DB21B786970019825B /* AlgorithmUITests.swift */; };
		2390B7EA21B787390019825B /* Algorithm.swift in Sources */ = {isa = PBXBuildFile; fileRef = 2390B7E921B787390019825B /* Algorithm.swift */; };
		2390B7EC21B7AE0F0019825B /* TreeNode.swift in Sources */ = {isa = PBXBuildFile; fileRef = 2390B7EB21B7AE0F0019825B /* TreeNode.swift */; };
/* End PBXBuildFile section */

/* Begin PBXContainerItemProxy section */
		2390B7CD21B786970019825B /* PBXContainerItemProxy */ = {
			isa = PBXContainerItemProxy;
			containerPortal = 2390B7B021B786960019825B /* Project object */;
			proxyType = 1;
			remoteGlobalIDString = 2390B7B721B786960019825B;
			remoteInfo = Algorithm;
		};
		2390B7D821B786970019825B /* PBXContainerItemProxy */ = {
			isa = PBXContainerItemProxy;
			containerPortal = 2390B7B021B786960019825B /* Project object */;
			proxyType = 1;
			remoteGlobalIDString = 2390B7B721B786960019825B;
			remoteInfo = Algorithm;
		};
/* End PBXContainerItemProxy section */

/* Begin PBXFileReference section */
		2390B7B821B786960019825B /* Algorithm.app */ = {isa = PBXFileReference; explicitFileType = wrapper.application; includeInIndex = 0; path = Algorithm.app; sourceTree = BUILT_PRODUCTS_DIR; };
		2390B7BB21B786960019825B /* AppDelegate.swift */ = {isa = PBXFileReference; lastKnownFileType = sourcecode.swift; path = AppDelegate.swift; sourceTree = "<group>"; };
		2390B7BD21B786960019825B /* ViewController.swift */ = {isa = PBXFileReference; lastKnownFileType = sourcecode.swift; path = ViewController.swift; sourceTree = "<group>"; };
		2390B7C021B786960019825B /* Base */ = {isa = PBXFileReference; lastKnownFileType = file.storyboard; name = Base; path = Base.lproj/Main.storyboard; sourceTree = "<group>"; };
		2390B7C221B786970019825B /* Assets.xcassets */ = {isa = PBXFileReference; lastKnownFileType = folder.assetcatalog; path = Assets.xcassets; sourceTree = "<group>"; };
		2390B7C521B786970019825B /* Base */ = {isa = PBXFileReference; lastKnownFileType = file.storyboard; name = Base; path = Base.lproj/LaunchScreen.storyboard; sourceTree = "<group>"; };
		2390B7C721B786970019825B /* Info.plist */ = {isa = PBXFileReference; lastKnownFileType = text.plist.xml; path = Info.plist; sourceTree = "<group>"; };
		2390B7CC21B786970019825B /* AlgorithmTests.xctest */ = {isa = PBXFileReference; explicitFileType = wrapper.cfbundle; includeInIndex = 0; path = AlgorithmTests.xctest; sourceTree = BUILT_PRODUCTS_DIR; };
		2390B7D021B786970019825B /* AlgorithmTests.swift */ = {isa = PBXFileReference; lastKnownFileType = sourcecode.swift; path = AlgorithmTests.swift; sourceTree = "<group>"; };
		2390B7D221B786970019825B /* Info.plist */ = {isa = PBXFileReference; lastKnownFileType = text.plist.xml; path = Info.plist; sourceTree = "<group>"; };
		2390B7D721B786970019825B /* AlgorithmUITests.xctest */ = {isa = PBXFileReference; explicitFileType = wrapper.cfbundle; includeInIndex = 0; path = AlgorithmUITests.xctest; sourceTree = BUILT_PRODUCTS_DIR; };
		2390B7DB21B786970019825B /* AlgorithmUITests.swift */ = {isa = PBXFileReference; lastKnownFileType = sourcecode.swift; path = AlgorithmUITests.swift; sourceTree = "<group>"; };
		2390B7DD21B786970019825B /* Info.plist */ = {isa = PBXFileReference; lastKnownFileType = text.plist.xml; path = Info.plist; sourceTree = "<group>"; };
		2390B7E921B787390019825B /* Algorithm.swift */ = {isa = PBXFileReference; lastKnownFileType = sourcecode.swift; path = Algorithm.swift; sourceTree = "<group>"; };
		2390B7EB21B7AE0F0019825B /* TreeNode.swift */ = {isa = PBXFileReference; lastKnownFileType = sourcecode.swift; path = TreeNode.swift; sourceTree = "<group>"; };
/* End PBXFileReference section */

/* Begin PBXFrameworksBuildPhase section */
		2390B7B521B786960019825B /* Frameworks */ = {
			isa = PBXFrameworksBuildPhase;
			buildActionMask = 2147483647;
			files = (
			);
			runOnlyForDeploymentPostprocessing = 0;
		};
		2390B7C921B786970019825B /* Frameworks */ = {
			isa = PBXFrameworksBuildPhase;
			buildActionMask = 2147483647;
			files = (
			);
			runOnlyForDeploymentPostprocessing = 0;
		};
		2390B7D421B786970019825B /* Frameworks */ = {
			isa = PBXFrameworksBuildPhase;
			buildActionMask = 2147483647;
			files = (
			);
			runOnlyForDeploymentPostprocessing = 0;
		};
/* End PBXFrameworksBuildPhase section */

/* Begin PBXGroup section */
		2390B7AF21B786960019825B = {
			isa = PBXGroup;
			children = (
				2390B7BA21B786960019825B /* Algorithm */,
				2390B7CF21B786970019825B /* AlgorithmTests */,
				2390B7DA21B786970019825B /* AlgorithmUITests */,
				2390B7B921B786960019825B /* Products */,
			);
			sourceTree = "<group>";
		};
		2390B7B921B786960019825B /* Products */ = {
			isa = PBXGroup;
			children = (
				2390B7B821B786960019825B /* Algorithm.app */,
				2390B7CC21B786970019825B /* AlgorithmTests.xctest */,
				2390B7D721B786970019825B /* AlgorithmUITests.xctest */,
			);
			name = Products;
			sourceTree = "<group>";
		};
		2390B7BA21B786960019825B /* Algorithm */ = {
			isa = PBXGroup;
			children = (
				2390B7BB21B786960019825B /* AppDelegate.swift */,
				2390B7BD21B786960019825B /* ViewController.swift */,
				2390B7E921B787390019825B /* Algorithm.swift */,
				2390B7EB21B7AE0F0019825B /* TreeNode.swift */,
				2390B7BF21B786960019825B /* Main.storyboard */,
				2390B7C221B786970019825B /* Assets.xcassets */,
				2390B7C421B786970019825B /* LaunchScreen.storyboard */,
				2390B7C721B786970019825B /* Info.plist */,
			);
			path = Algorithm;
			sourceTree = "<group>";
		};
		2390B7CF21B786970019825B /* AlgorithmTests */ = {
			isa = PBXGroup;
			children = (
				2390B7D021B786970019825B /* AlgorithmTests.swift */,
				2390B7D221B786970019825B /* Info.plist */,
			);
			path = AlgorithmTests;
			sourceTree = "<group>";
		};
		2390B7DA21B786970019825B /* AlgorithmUITests */ = {
			isa = PBXGroup;
			children = (
				2390B7DB21B786970019825B /* AlgorithmUITests.swift */,
				2390B7DD21B786970019825B /* Info.plist */,
			);
			path = AlgorithmUITests;
			sourceTree = "<group>";
		};
/* End PBXGroup section */

/* Begin PBXNativeTarget section */
		2390B7B721B786960019825B /* Algorithm */ = {
			isa = PBXNativeTarget;
			buildConfigurationList = 2390B7E021B786970019825B /* Build configuration list for PBXNativeTarget "Algorithm" */;
			buildPhases = (
				2390B7B421B786960019825B /* Sources */,
				2390B7B521B786960019825B /* Frameworks */,
				2390B7B621B786960019825B /* Resources */,
			);
			buildRules = (
			);
			dependencies = (
			);
			name = Algorithm;
			productName = Algorithm;
			productReference = 2390B7B821B786960019825B /* Algorithm.app */;
			productType = "com.apple.product-type.application";
		};
		2390B7CB21B786970019825B /* AlgorithmTests */ = {
			isa = PBXNativeTarget;
			buildConfigurationList = 2390B7E321B786970019825B /* Build configuration list for PBXNativeTarget "AlgorithmTests" */;
			buildPhases = (
				2390B7C821B786970019825B /* Sources */,
				2390B7C921B786970019825B /* Frameworks */,
				2390B7CA21B786970019825B /* Resources */,
			);
			buildRules = (
			);
			dependencies = (
				2390B7CE21B786970019825B /* PBXTargetDependency */,
			);
			name = AlgorithmTests;
			productName = AlgorithmTests;
			productReference = 2390B7CC21B786970019825B /* AlgorithmTests.xctest */;
			productType = "com.apple.product-type.bundle.unit-test";
		};
		2390B7D621B786970019825B /* AlgorithmUITests */ = {
			isa = PBXNativeTarget;
			buildConfigurationList = 2390B7E621B786970019825B /* Build configuration list for PBXNativeTarget "AlgorithmUITests" */;
			buildPhases = (
				2390B7D321B786970019825B /* Sources */,
				2390B7D421B786970019825B /* Frameworks */,
				2390B7D521B786970019825B /* Resources */,
			);
			buildRules = (
			);
			dependencies = (
				2390B7D921B786970019825B /* PBXTargetDependency */,
			);
			name = AlgorithmUITests;
			productName = AlgorithmUITests;
			productReference = 2390B7D721B786970019825B /* AlgorithmUITests.xctest */;
			productType = "com.apple.product-type.bundle.ui-testing";
		};
/* End PBXNativeTarget section */

/* Begin PBXProject section */
		2390B7B021B786960019825B /* Project object */ = {
			isa = PBXProject;
			attributes = {
				LastSwiftUpdateCheck = 0940;
				LastUpgradeCheck = 0940;
				ORGANIZATIONNAME = oncezw;
				TargetAttributes = {
					2390B7B721B786960019825B = {
						CreatedOnToolsVersion = 9.4.1;
					};
					2390B7CB21B786970019825B = {
						CreatedOnToolsVersion = 9.4.1;
						TestTargetID = 2390B7B721B786960019825B;
					};
					2390B7D621B786970019825B = {
						CreatedOnToolsVersion = 9.4.1;
						TestTargetID = 2390B7B721B786960019825B;
					};
				};
			};
			buildConfigurationList = 2390B7B321B786960019825B /* Build configuration list for PBXProject "Algorithm" */;
			compatibilityVersion = "Xcode 9.3";
			developmentRegion = en;
			hasScannedForEncodings = 0;
			knownRegions = (
				en,
				Base,
			);
			mainGroup = 2390B7AF21B786960019825B;
			productRefGroup = 2390B7B921B786960019825B /* Products */;
			projectDirPath = "";
			projectRoot = "";
			targets = (
				2390B7B721B786960019825B /* Algorithm */,
				2390B7CB21B786970019825B /* AlgorithmTests */,
				2390B7D621B786970019825B /* AlgorithmUITests */,
			);
		};
/* End PBXProject section */

/* Begin PBXResourcesBuildPhase section */
		2390B7B621B786960019825B /* Resources */ = {
			isa = PBXResourcesBuildPhase;
			buildActionMask = 2147483647;
			files = (
				2390B7C621B786970019825B /* LaunchScreen.storyboard in Resources */,
				2390B7C321B786970019825B /* Assets.xcassets in Resources */,
				2390B7C121B786960019825B /* Main.storyboard in Resources */,
			);
			runOnlyForDeploymentPostprocessing = 0;
		};
		2390B7CA21B786970019825B /* Resources */ = {
			isa = PBXResourcesBuildPhase;
			buildActionMask = 2147483647;
			files = (
			);
			runOnlyForDeploymentPostprocessing = 0;
		};
		2390B7D521B786970019825B /* Resources */ = {
			isa = PBXResourcesBuildPhase;
			buildActionMask = 2147483647;
			files = (
			);
			runOnlyForDeploymentPostprocessing = 0;
		};
/* End PBXResourcesBuildPhase section */

/* Begin PBXSourcesBuildPhase section */
		2390B7B421B786960019825B /* Sources */ = {
			isa = PBXSourcesBuildPhase;
			buildActionMask = 2147483647;
			files = (
				2390B7BE21B786960019825B /* ViewController.swift in Sources */,
				2390B7EA21B787390019825B /* Algorithm.swift in Sources */,
				2390B7BC21B786960019825B /* AppDelegate.swift in Sources */,
				2390B7EC21B7AE0F0019825B /* TreeNode.swift in Sources */,
			);
			runOnlyForDeploymentPostprocessing = 0;
		};
		2390B7C821B786970019825B /* Sources */ = {
			isa = PBXSourcesBuildPhase;
			buildActionMask = 2147483647;
			files = (
				2390B7D121B786970019825B /* AlgorithmTests.swift in Sources */,
			);
			runOnlyForDeploymentPostprocessing = 0;
		};
		2390B7D321B786970019825B /* Sources */ = {
			isa = PBXSourcesBuildPhase;
			buildActionMask = 2147483647;
			files = (
				2390B7DC21B786970019825B /* AlgorithmUITests.swift in Sources */,
			);
			runOnlyForDeploymentPostprocessing = 0;
		};
/* End PBXSourcesBuildPhase section */

/* Begin PBXTargetDependency section */
		2390B7CE21B786970019825B /* PBXTargetDependency */ = {
			isa = PBXTargetDependency;
			target = 2390B7B721B786960019825B /* Algorithm */;
			targetProxy = 2390B7CD21B786970019825B /* PBXContainerItemProxy */;
		};
		2390B7D921B786970019825B /* PBXTargetDependency */ = {
			isa = PBXTargetDependency;
			target = 2390B7B721B786960019825B /* Algorithm */;
			targetProxy = 2390B7D821B786970019825B /* PBXContainerItemProxy */;
		};
/* End PBXTargetDependency section */

/* Begin PBXVariantGroup section */
		2390B7BF21B786960019825B /* Main.storyboard */ = {
			isa = PBXVariantGroup;
			children = (
				2390B7C021B786960019825B /* Base */,
			);
			name = Main.storyboard;
			sourceTree = "<group>";
		};
		2390B7C421B786970019825B /* LaunchScreen.storyboard */ = {
			isa = PBXVariantGroup;
			children = (
				2390B7C521B786970019825B /* Base */,
			);
			name = LaunchScreen.storyboard;
			sourceTree = "<group>";
		};
/* End PBXVariantGroup section */

/* Begin XCBuildConfiguration section */
		2390B7DE21B786970019825B /* Debug */ = {
			isa = XCBuildConfiguration;
			buildSettings = {
				ALWAYS_SEARCH_USER_PATHS = NO;
				CLANG_ANALYZER_NONNULL = YES;
				CLANG_ANALYZER_NUMBER_OBJECT_CONVERSION = YES_AGGRESSIVE;
				CLANG_CXX_LANGUAGE_STANDARD = "gnu++14";
				CLANG_CXX_LIBRARY = "libc++";
				CLANG_ENABLE_MODULES = YES;
				CLANG_ENABLE_OBJC_ARC = YES;
				CLANG_ENABLE_OBJC_WEAK = YES;
				CLANG_WARN_BLOCK_CAPTURE_AUTORELEASING = YES;
				CLANG_WARN_BOOL_CONVERSION = YES;
				CLANG_WARN_COMMA = YES;
				CLANG_WARN_CONSTANT_CONVERSION = YES;
				CLANG_WARN_DEPRECATED_OBJC_IMPLEMENTATIONS = YES;
				CLANG_WARN_DIRECT_OBJC_ISA_USAGE = YES_ERROR;
				CLANG_WARN_DOCUMENTATION_COMMENTS = YES;
				CLANG_WARN_EMPTY_BODY = YES;
				CLANG_WARN_ENUM_CONVERSION = YES;
				CLANG_WARN_INFINITE_RECURSION = YES;
				CLANG_WARN_INT_CONVERSION = YES;
				CLANG_WARN_NON_LITERAL_NULL_CONVERSION = YES;
				CLANG_WARN_OBJC_IMPLICIT_RETAIN_SELF = YES;
				CLANG_WARN_OBJC_LITERAL_CONVERSION = YES;
				CLANG_WARN_OBJC_ROOT_CLASS = YES_ERROR;
				CLANG_WARN_RANGE_LOOP_ANALYSIS = YES;
				CLANG_WARN_STRICT_PROTOTYPES = YES;
				CLANG_WARN_SUSPICIOUS_MOVE = YES;
				CLANG_WARN_UNGUARDED_AVAILABILITY = YES_AGGRESSIVE;
				CLANG_WARN_UNREACHABLE_CODE = YES;
				CLANG_WARN__DUPLICATE_METHOD_MATCH = YES;
				CODE_SIGN_IDENTITY = "iPhone Developer";
				COPY_PHASE_STRIP = NO;
				DEBUG_INFORMATION_FORMAT = dwarf;
				ENABLE_STRICT_OBJC_MSGSEND = YES;
				ENABLE_TESTABILITY = YES;
				GCC_C_LANGUAGE_STANDARD = gnu11;
				GCC_DYNAMIC_NO_PIC = NO;
				GCC_NO_COMMON_BLOCKS = YES;
				GCC_OPTIMIZATION_LEVEL = 0;
				GCC_PREPROCESSOR_DEFINITIONS = (
					"DEBUG=1",
					"$(inherited)",
				);
				GCC_WARN_64_TO_32_BIT_CONVERSION = YES;
				GCC_WARN_ABOUT_RETURN_TYPE = YES_ERROR;
				GCC_WARN_UNDECLARED_SELECTOR = YES;
				GCC_WARN_UNINITIALIZED_AUTOS = YES_AGGRESSIVE;
				GCC_WARN_UNUSED_FUNCTION = YES;
				GCC_WARN_UNUSED_VARIABLE = YES;
				IPHONEOS_DEPLOYMENT_TARGET = 11.4;
				MTL_ENABLE_DEBUG_INFO = YES;
				ONLY_ACTIVE_ARCH = YES;
				SDKROOT = iphoneos;
				SWIFT_ACTIVE_COMPILATION_CONDITIONS = DEBUG;
				SWIFT_OPTIMIZATION_LEVEL = "-Onone";
			};
			name = Debug;
		};
		2390B7DF21B786970019825B /* Release */ = {
			isa = XCBuildConfiguration;
			buildSettings = {
				ALWAYS_SEARCH_USER_PATHS = NO;
				CLANG_ANALYZER_NONNULL = YES;
				CLANG_ANALYZER_NUMBER_OBJECT_CONVERSION = YES_AGGRESSIVE;
				CLANG_CXX_LANGUAGE_STANDARD = "gnu++14";
				CLANG_CXX_LIBRARY = "libc++";
				CLANG_ENABLE_MODULES = YES;
				CLANG_ENABLE_OBJC_ARC = YES;
				CLANG_ENABLE_OBJC_WEAK = YES;
				CLANG_WARN_BLOCK_CAPTURE_AUTORELEASING = YES;
				CLANG_WARN_BOOL_CONVERSION = YES;
				CLANG_WARN_COMMA = YES;
				CLANG_WARN_CONSTANT_CONVERSION = YES;
				CLANG_WARN_DEPRECATED_OBJC_IMPLEMENTATIONS = YES;
				CLANG_WARN_DIRECT_OBJC_ISA_USAGE = YES_ERROR;
				CLANG_WARN_DOCUMENTATION_COMMENTS = YES;
				CLANG_WARN_EMPTY_BODY = YES;
				CLANG_WARN_ENUM_CONVERSION = YES;
				CLANG_WARN_INFINITE_RECURSION = YES;
				CLANG_WARN_INT_CONVERSION = YES;
				CLANG_WARN_NON_LITERAL_NULL_CONVERSION = YES;
				CLANG_WARN_OBJC_IMPLICIT_RETAIN_SELF = YES;
				CLANG_WARN_OBJC_LITERAL_CONVERSION = YES;
				CLANG_WARN_OBJC_ROOT_CLASS = YES_ERROR;
				CLANG_WARN_RANGE_LOOP_ANALYSIS = YES;
				CLANG_WARN_STRICT_PROTOTYPES = YES;
				CLANG_WARN_SUSPICIOUS_MOVE = YES;
				CLANG_WARN_UNGUARDED_AVAILABILITY = YES_AGGRESSIVE;
				CLANG_WARN_UNREACHABLE_CODE = YES;
				CLANG_WARN__DUPLICATE_METHOD_MATCH = YES;
				CODE_SIGN_IDENTITY = "iPhone Developer";
				COPY_PHASE_STRIP = NO;
				DEBUG_INFORMATION_FORMAT = "dwarf-with-dsym";
				ENABLE_NS_ASSERTIONS = NO;
				ENABLE_STRICT_OBJC_MSGSEND = YES;
				GCC_C_LANGUAGE_STANDARD = gnu11;
				GCC_NO_COMMON_BLOCKS = YES;
				GCC_WARN_64_TO_32_BIT_CONVERSION = YES;
				GCC_WARN_ABOUT_RETURN_TYPE = YES_ERROR;
				GCC_WARN_UNDECLARED_SELECTOR = YES;
				GCC_WARN_UNINITIALIZED_AUTOS = YES_AGGRESSIVE;
				GCC_WARN_UNUSED_FUNCTION = YES;
				GCC_WARN_UNUSED_VARIABLE = YES;
				IPHONEOS_DEPLOYMENT_TARGET = 11.4;
				MTL_ENABLE_DEBUG_INFO = NO;
				SDKROOT = iphoneos;
				SWIFT_COMPILATION_MODE = wholemodule;
				SWIFT_OPTIMIZATION_LEVEL = "-O";
				VALIDATE_PRODUCT = YES;
			};
			name = Release;
		};
		2390B7E121B786970019825B /* Debug */ = {
			isa = XCBuildConfiguration;
			buildSettings = {
				ASSETCATALOG_COMPILER_APPICON_NAME = AppIcon;
				CODE_SIGN_STYLE = Automatic;
				INFOPLIST_FILE = Algorithm/Info.plist;
				LD_RUNPATH_SEARCH_PATHS = (
					"$(inherited)",
					"@executable_path/Frameworks",
				);
				PRODUCT_BUNDLE_IDENTIFIER = zouwei.com.Algorithm;
				PRODUCT_NAME = "$(TARGET_NAME)";
				SWIFT_VERSION = 4.0;
				TARGETED_DEVICE_FAMILY = "1,2";
			};
			name = Debug;
		};
		2390B7E221B786970019825B /* Release */ = {
			isa = XCBuildConfiguration;
			buildSettings = {
				ASSETCATALOG_COMPILER_APPICON_NAME = AppIcon;
				CODE_SIGN_STYLE = Automatic;
				INFOPLIST_FILE = Algorithm/Info.plist;
				LD_RUNPATH_SEARCH_PATHS = (
					"$(inherited)",
					"@executable_path/Frameworks",
				);
				PRODUCT_BUNDLE_IDENTIFIER = zouwei.com.Algorithm;
				PRODUCT_NAME = "$(TARGET_NAME)";
				SWIFT_VERSION = 4.0;
				TARGETED_DEVICE_FAMILY = "1,2";
			};
			name = Release;
		};
		2390B7E421B786970019825B /* Debug */ = {
			isa = XCBuildConfiguration;
			buildSettings = {
				ALWAYS_EMBED_SWIFT_STANDARD_LIBRARIES = YES;
				BUNDLE_LOADER = "$(TEST_HOST)";
				CODE_SIGN_STYLE = Automatic;
				INFOPLIST_FILE = AlgorithmTests/Info.plist;
				LD_RUNPATH_SEARCH_PATHS = (
					"$(inherited)",
					"@executable_path/Frameworks",
					"@loader_path/Frameworks",
				);
				PRODUCT_BUNDLE_IDENTIFIER = zouwei.com.AlgorithmTests;
				PRODUCT_NAME = "$(TARGET_NAME)";
				SWIFT_VERSION = 4.0;
				TARGETED_DEVICE_FAMILY = "1,2";
				TEST_HOST = "$(BUILT_PRODUCTS_DIR)/Algorithm.app/Algorithm";
			};
			name = Debug;
		};
		2390B7E521B786970019825B /* Release */ = {
			isa = XCBuildConfiguration;
			buildSettings = {
				ALWAYS_EMBED_SWIFT_STANDARD_LIBRARIES = YES;
				BUNDLE_LOADER = "$(TEST_HOST)";
				CODE_SIGN_STYLE = Automatic;
				INFOPLIST_FILE = AlgorithmTests/Info.plist;
				LD_RUNPATH_SEARCH_PATHS = (
					"$(inherited)",
					"@executable_path/Frameworks",
					"@loader_path/Frameworks",
				);
				PRODUCT_BUNDLE_IDENTIFIER = zouwei.com.AlgorithmTests;
				PRODUCT_NAME = "$(TARGET_NAME)";
				SWIFT_VERSION = 4.0;
				TARGETED_DEVICE_FAMILY = "1,2";
				TEST_HOST = "$(BUILT_PRODUCTS_DIR)/Algorithm.app/Algorithm";
			};
			name = Release;
		};
		2390B7E721B786970019825B /* Debug */ = {
			isa = XCBuildConfiguration;
			buildSettings = {
				ALWAYS_EMBED_SWIFT_STANDARD_LIBRARIES = YES;
				CODE_SIGN_STYLE = Automatic;
				INFOPLIST_FILE = AlgorithmUITests/Info.plist;
				LD_RUNPATH_SEARCH_PATHS = (
					"$(inherited)",
					"@executable_path/Frameworks",
					"@loader_path/Frameworks",
				);
				PRODUCT_BUNDLE_IDENTIFIER = zouwei.com.AlgorithmUITests;
				PRODUCT_NAME = "$(TARGET_NAME)";
				SWIFT_VERSION = 4.0;
				TARGETED_DEVICE_FAMILY = "1,2";
				TEST_TARGET_NAME = Algorithm;
			};
			name = Debug;
		};
		2390B7E821B786970019825B /* Release */ = {
			isa = XCBuildConfiguration;
			buildSettings = {
				ALWAYS_EMBED_SWIFT_STANDARD_LIBRARIES = YES;
				CODE_SIGN_STYLE = Automatic;
				INFOPLIST_FILE = AlgorithmUITests/Info.plist;
				LD_RUNPATH_SEARCH_PATHS = (
					"$(inherited)",
					"@executable_path/Frameworks",
					"@loader_path/Frameworks",
				);
				PRODUCT_BUNDLE_IDENTIFIER = zouwei.com.AlgorithmUITests;
				PRODUCT_NAME = "$(TARGET_NAME)";
				SWIFT_VERSION = 4.0;
				TARGETED_DEVICE_FAMILY = "1,2";
				TEST_TARGET_NAME = Algorithm;
			};
			name = Release;
		};
/* End XCBuildConfiguration section */

/* Begin XCConfigurationList section */
		2390B7B321B786960019825B /* Build configuration list for PBXProject "Algorithm" */ = {
			isa = XCConfigurationList;
			buildConfigurations = (
				2390B7DE21B786970019825B /* Debug */,
				2390B7DF21B786970019825B /* Release */,
			);
			defaultConfigurationIsVisible = 0;
			defaultConfigurationName = Release;
		};
		2390B7E021B786970019825B /* Build configuration list for PBXNativeTarget "Algorithm" */ = {
			isa = XCConfigurationList;
			buildConfigurations = (
				2390B7E121B786970019825B /* Debug */,
				2390B7E221B786970019825B /* Release */,
			);
			defaultConfigurationIsVisible = 0;
			defaultConfigurationName = Release;
		};
		2390B7E321B786970019825B /* Build configuration list for PBXNativeTarget "AlgorithmTests" */ = {
			isa = XCConfigurationList;
			buildConfigurations = (
				2390B7E421B786970019825B /* Debug */,
				2390B7E521B786970019825B /* Release */,
			);
			defaultConfigurationIsVisible = 0;
			defaultConfigurationName = Release;
		};
		2390B7E621B786970019825B /* Build configuration list for PBXNativeTarget "AlgorithmUITests" */ = {
			isa = XCConfigurationList;
			buildConfigurations = (
				2390B7E721B786970019825B /* Debug */,
				2390B7E821B786970019825B /* Release */,
			);
			defaultConfigurationIsVisible = 0;
			defaultConfigurationName = Release;
		};
/* End XCConfigurationList section */
	};
	rootObject = 2390B7B021B786960019825B /* Project object */;
}
